{
  "lockfile_version": "1",
  "packages": {
    "github:NixOS/nixpkgs/nixpkgs-unstable": {
      "last_modified": "2025-07-22T02:38:50Z",
      "resolved": "github:NixOS/nixpkgs/83e677f31c84212343f4cc553bab85c2efcad60a?lastModified=1753151930&narHash=sha256-XSQy6wRKHhRe%2F%2FiVY5lS%2FZpI%2FJn6crWI8fQzl647wCg%3D"
    }
  }
}
